// !$*UTF8*$!
{
	archiveVersion = 1;
	classes = {
	};
	objectVersion = 56;
	objects = {

/* Begin PBXBuildFile section */
		E889CBD7291BEEEE00CE1BA8 /* PokemonListPage.swift in Sources */ = {isa = PBXBuildFile; fileRef = E889CBD6291BEEEE00CE1BA8 /* PokemonListPage.swift */; };
		E889CBD9291BF05000CE1BA8 /* PokemonDetailsPage.swift in Sources */ = {isa = PBXBuildFile; fileRef = E889CBD8291BF05000CE1BA8 /* PokemonDetailsPage.swift */; };
		E889CBDC291BFB9000CE1BA8 /* ImageExtension.swift in Sources */ = {isa = PBXBuildFile; fileRef = E889CBDB291BFB9000CE1BA8 /* ImageExtension.swift */; };
		E8AD37F2291A882F003DB9BF /* pokelistApp.swift in Sources */ = {isa = PBXBuildFile; fileRef = E8AD37F1291A882F003DB9BF /* pokelistApp.swift */; };
		E8AD37F4291A882F003DB9BF /* ContentView.swift in Sources */ = {isa = PBXBuildFile; fileRef = E8AD37F3291A882F003DB9BF /* ContentView.swift */; };
		E8AD37F6291A8831003DB9BF /* Assets.xcassets in Resources */ = {isa = PBXBuildFile; fileRef = E8AD37F5291A8831003DB9BF /* Assets.xcassets */; };
		E8AD37F9291A8831003DB9BF /* Preview Assets.xcassets in Resources */ = {isa = PBXBuildFile; fileRef = E8AD37F8291A8831003DB9BF /* Preview Assets.xcassets */; };
		E8AD3804291A8919003DB9BF /* Pokemon.swift in Sources */ = {isa = PBXBuildFile; fileRef = E8AD3803291A8919003DB9BF /* Pokemon.swift */; };
		E8AD3807291A8962003DB9BF /* PokemonAdapter.swift in Sources */ = {isa = PBXBuildFile; fileRef = E8AD3806291A8962003DB9BF /* PokemonAdapter.swift */; };
		E8AD380A291A8AA5003DB9BF /* PokemonUseCases.swift in Sources */ = {isa = PBXBuildFile; fileRef = E8AD3809291A8AA5003DB9BF /* PokemonUseCases.swift */; };
		E8AD380D291A8ADF003DB9BF /* PokemonService.swift in Sources */ = {isa = PBXBuildFile; fileRef = E8AD380C291A8ADF003DB9BF /* PokemonService.swift */; };
		E8AD3811291A8CD0003DB9BF /* PokemonAPI.swift in Sources */ = {isa = PBXBuildFile; fileRef = E8AD3810291A8CD0003DB9BF /* PokemonAPI.swift */; };
		E8AD3814291A8E1F003DB9BF /* infraErrors.swift in Sources */ = {isa = PBXBuildFile; fileRef = E8AD3813291A8E1F003DB9BF /* infraErrors.swift */; };
		E8AD3817291A9009003DB9BF /* PokemonViewModel.swift in Sources */ = {isa = PBXBuildFile; fileRef = E8AD3816291A9009003DB9BF /* PokemonViewModel.swift */; };
/* End PBXBuildFile section */

/* Begin PBXFileReference section */
		E889CBD6291BEEEE00CE1BA8 /* PokemonListPage.swift */ = {isa = PBXFileReference; lastKnownFileType = sourcecode.swift; path = PokemonListPage.swift; sourceTree = "<group>"; };
		E889CBD8291BF05000CE1BA8 /* PokemonDetailsPage.swift */ = {isa = PBXFileReference; lastKnownFileType = sourcecode.swift; path = PokemonDetailsPage.swift; sourceTree = "<group>"; };
		E889CBDB291BFB9000CE1BA8 /* ImageExtension.swift */ = {isa = PBXFileReference; lastKnownFileType = sourcecode.swift; path = ImageExtension.swift; sourceTree = "<group>"; };
		E8AD37EE291A882F003DB9BF /* pokelist.app */ = {isa = PBXFileReference; explicitFileType = wrapper.application; includeInIndex = 0; path = pokelist.app; sourceTree = BUILT_PRODUCTS_DIR; };
		E8AD37F1291A882F003DB9BF /* pokelistApp.swift */ = {isa = PBXFileReference; lastKnownFileType = sourcecode.swift; path = pokelistApp.swift; sourceTree = "<group>"; };
		E8AD37F3291A882F003DB9BF /* ContentView.swift */ = {isa = PBXFileReference; lastKnownFileType = sourcecode.swift; path = ContentView.swift; sourceTree = "<group>"; };
		E8AD37F5291A8831003DB9BF /* Assets.xcassets */ = {isa = PBXFileReference; lastKnownFileType = folder.assetcatalog; path = Assets.xcassets; sourceTree = "<group>"; };
		E8AD37F8291A8831003DB9BF /* Preview Assets.xcassets */ = {isa = PBXFileReference; lastKnownFileType = folder.assetcatalog; path = "Preview Assets.xcassets"; sourceTree = "<group>"; };
		E8AD3803291A8919003DB9BF /* Pokemon.swift */ = {isa = PBXFileReference; lastKnownFileType = sourcecode.swift; path = Pokemon.swift; sourceTree = "<group>"; };
		E8AD3806291A8962003DB9BF /* PokemonAdapter.swift */ = {isa = PBXFileReference; lastKnownFileType = sourcecode.swift; path = PokemonAdapter.swift; sourceTree = "<group>"; };
		E8AD3809291A8AA5003DB9BF /* PokemonUseCases.swift */ = {isa = PBXFileReference; lastKnownFileType = sourcecode.swift; path = PokemonUseCases.swift; sourceTree = "<group>"; };
		E8AD380C291A8ADF003DB9BF /* PokemonService.swift */ = {isa = PBXFileReference; lastKnownFileType = sourcecode.swift; path = PokemonService.swift; sourceTree = "<group>"; };
		E8AD3810291A8CD0003DB9BF /* PokemonAPI.swift */ = {isa = PBXFileReference; lastKnownFileType = sourcecode.swift; path = PokemonAPI.swift; sourceTree = "<group>"; };
		E8AD3813291A8E1F003DB9BF /* infraErrors.swift */ = {isa = PBXFileReference; lastKnownFileType = sourcecode.swift; path = infraErrors.swift; sourceTree = "<group>"; };
		E8AD3816291A9009003DB9BF /* PokemonViewModel.swift */ = {isa = PBXFileReference; lastKnownFileType = sourcecode.swift; path = PokemonViewModel.swift; sourceTree = "<group>"; };
/* End PBXFileReference section */

/* Begin PBXFrameworksBuildPhase section */
		E8AD37EB291A882F003DB9BF /* Frameworks */ = {
			isa = PBXFrameworksBuildPhase;
			buildActionMask = 2147483647;
			files = (
			);
			runOnlyForDeploymentPostprocessing = 0;
		};
/* End PBXFrameworksBuildPhase section */

/* Begin PBXGroup section */
		E889CBD4291BEE6100CE1BA8 /* viewModel */ = {
			isa = PBXGroup;
			children = (
				E8AD3816291A9009003DB9BF /* PokemonViewModel.swift */,
			);
			path = viewModel;
			sourceTree = "<group>";
		};
		E889CBD5291BEE9400CE1BA8 /* pages */ = {
			isa = PBXGroup;
			children = (
				E889CBD6291BEEEE00CE1BA8 /* PokemonListPage.swift */,
				E889CBD8291BF05000CE1BA8 /* PokemonDetailsPage.swift */,
			);
			path = pages;
			sourceTree = "<group>";
		};
		E889CBDA291BFB8100CE1BA8 /* extensions */ = {
			isa = PBXGroup;
			children = (
				E889CBDB291BFB9000CE1BA8 /* ImageExtension.swift */,
			);
			path = extensions;
			sourceTree = "<group>";
		};
		E8AD37E5291A882F003DB9BF = {
			isa = PBXGroup;
			children = (
				E8AD37F0291A882F003DB9BF /* pokelist */,
				E8AD37EF291A882F003DB9BF /* Products */,
			);
			sourceTree = "<group>";
		};
		E8AD37EF291A882F003DB9BF /* Products */ = {
			isa = PBXGroup;
			children = (
				E8AD37EE291A882F003DB9BF /* pokelist.app */,
			);
			name = Products;
			sourceTree = "<group>";
		};
		E8AD37F0291A882F003DB9BF /* pokelist */ = {
			isa = PBXGroup;
			children = (
				E8AD3815291A8FFF003DB9BF /* ui */,
				E8AD380E291A8CC3003DB9BF /* infra */,
				E8AD37FF291A889F003DB9BF /* core */,
				E8AD37F1291A882F003DB9BF /* pokelistApp.swift */,
				E8AD37F3291A882F003DB9BF /* ContentView.swift */,
				E8AD37F5291A8831003DB9BF /* Assets.xcassets */,
				E8AD37F7291A8831003DB9BF /* Preview Content */,
			);
			path = pokelist;
			sourceTree = "<group>";
		};
		E8AD37F7291A8831003DB9BF /* Preview Content */ = {
			isa = PBXGroup;
			children = (
				E8AD37F8291A8831003DB9BF /* Preview Assets.xcassets */,
			);
			path = "Preview Content";
			sourceTree = "<group>";
		};
		E8AD37FF291A889F003DB9BF /* core */ = {
			isa = PBXGroup;
			children = (
				E8AD380B291A8AD7003DB9BF /* services */,
				E8AD3801291A88FD003DB9BF /* domain */,
				E8AD3800291A88B2003DB9BF /* interfaces */,
			);
			path = core;
			sourceTree = "<group>";
		};
		E8AD3800291A88B2003DB9BF /* interfaces */ = {
			isa = PBXGroup;
			children = (
				E8AD3808291A8A97003DB9BF /* usecases */,
				E8AD3805291A8952003DB9BF /* adapters */,
			);
			path = interfaces;
			sourceTree = "<group>";
		};
		E8AD3801291A88FD003DB9BF /* domain */ = {
			isa = PBXGroup;
			children = (
				E8AD3812291A8E08003DB9BF /* errors */,
				E8AD3802291A8904003DB9BF /* models */,
			);
			path = domain;
			sourceTree = "<group>";
		};
		E8AD3802291A8904003DB9BF /* models */ = {
			isa = PBXGroup;
			children = (
				E8AD3803291A8919003DB9BF /* Pokemon.swift */,
			);
			path = models;
			sourceTree = "<group>";
		};
		E8AD3805291A8952003DB9BF /* adapters */ = {
			isa = PBXGroup;
			children = (
				E8AD3806291A8962003DB9BF /* PokemonAdapter.swift */,
			);
			path = adapters;
			sourceTree = "<group>";
		};
		E8AD3808291A8A97003DB9BF /* usecases */ = {
			isa = PBXGroup;
			children = (
				E8AD3809291A8AA5003DB9BF /* PokemonUseCases.swift */,
			);
			path = usecases;
			sourceTree = "<group>";
		};
		E8AD380B291A8AD7003DB9BF /* services */ = {
			isa = PBXGroup;
			children = (
				E8AD380C291A8ADF003DB9BF /* PokemonService.swift */,
			);
			path = services;
			sourceTree = "<group>";
		};
		E8AD380E291A8CC3003DB9BF /* infra */ = {
			isa = PBXGroup;
			children = (
				E8AD380F291A8CC7003DB9BF /* api */,
			);
			path = infra;
			sourceTree = "<group>";
		};
		E8AD380F291A8CC7003DB9BF /* api */ = {
			isa = PBXGroup;
			children = (
				E8AD3810291A8CD0003DB9BF /* PokemonAPI.swift */,
			);
			path = api;
			sourceTree = "<group>";
		};
		E8AD3812291A8E08003DB9BF /* errors */ = {
			isa = PBXGroup;
			children = (
				E8AD3813291A8E1F003DB9BF /* infraErrors.swift */,
			);
			path = errors;
			sourceTree = "<group>";
		};
		E8AD3815291A8FFF003DB9BF /* ui */ = {
			isa = PBXGroup;
			children = (
				E889CBDA291BFB8100CE1BA8 /* extensions */,
				E889CBD5291BEE9400CE1BA8 /* pages */,
				E889CBD4291BEE6100CE1BA8 /* viewModel */,
			);
			path = ui;
			sourceTree = "<group>";
		};
/* End PBXGroup section */

/* Begin PBXNativeTarget section */
		E8AD37ED291A882F003DB9BF /* pokelist */ = {
			isa = PBXNativeTarget;
			buildConfigurationList = E8AD37FC291A8831003DB9BF /* Build configuration list for PBXNativeTarget "pokelist" */;
			buildPhases = (
				E8AD37EA291A882F003DB9BF /* Sources */,
				E8AD37EB291A882F003DB9BF /* Frameworks */,
				E8AD37EC291A882F003DB9BF /* Resources */,
			);
			buildRules = (
			);
			dependencies = (
			);
			name = pokelist;
			productName = pokelist;
			productReference = E8AD37EE291A882F003DB9BF /* pokelist.app */;
			productType = "com.apple.product-type.application";
		};
/* End PBXNativeTarget section */

/* Begin PBXProject section */
		E8AD37E6291A882F003DB9BF /* Project object */ = {
			isa = PBXProject;
			attributes = {
				BuildIndependentTargetsInParallel = 1;
				LastSwiftUpdateCheck = 1410;
				LastUpgradeCheck = 1410;
				TargetAttributes = {
					E8AD37ED291A882F003DB9BF = {
						CreatedOnToolsVersion = 14.1;
					};
				};
			};
			buildConfigurationList = E8AD37E9291A882F003DB9BF /* Build configuration list for PBXProject "pokelist" */;
			compatibilityVersion = "Xcode 14.0";
			developmentRegion = en;
			hasScannedForEncodings = 0;
			knownRegions = (
				en,
				Base,
			);
			mainGroup = E8AD37E5291A882F003DB9BF;
			productRefGroup = E8AD37EF291A882F003DB9BF /* Products */;
			projectDirPath = "";
			projectRoot = "";
			targets = (
				E8AD37ED291A882F003DB9BF /* pokelist */,
			);
		};
/* End PBXProject section */

/* Begin PBXResourcesBuildPhase section */
		E8AD37EC291A882F003DB9BF /* Resources */ = {
			isa = PBXResourcesBuildPhase;
			buildActionMask = 2147483647;
			files = (
				E8AD37F9291A8831003DB9BF /* Preview Assets.xcassets in Resources */,
				E8AD37F6291A8831003DB9BF /* Assets.xcassets in Resources */,
			);
			runOnlyForDeploymentPostprocessing = 0;
		};
/* End PBXResourcesBuildPhase section */

/* Begin PBXSourcesBuildPhase section */
		E8AD37EA291A882F003DB9BF /* Sources */ = {
			isa = PBXSourcesBuildPhase;
			buildActionMask = 2147483647;
			files = (
				E889CBD7291BEEEE00CE1BA8 /* PokemonListPage.swift in Sources */,
				E8AD37F4291A882F003DB9BF /* ContentView.swift in Sources */,
				E8AD3814291A8E1F003DB9BF /* infraErrors.swift in Sources */,
				E8AD3817291A9009003DB9BF /* PokemonViewModel.swift in Sources */,
				E8AD3807291A8962003DB9BF /* PokemonAdapter.swift in Sources */,
				E8AD37F2291A882F003DB9BF /* pokelistApp.swift in Sources */,
				E889CBD9291BF05000CE1BA8 /* PokemonDetailsPage.swift in Sources */,
				E889CBDC291BFB9000CE1BA8 /* ImageExtension.swift in Sources */,
				E8AD3811291A8CD0003DB9BF /* PokemonAPI.swift in Sources */,
				E8AD3804291A8919003DB9BF /* Pokemon.swift in Sources */,
				E8AD380A291A8AA5003DB9BF /* PokemonUseCases.swift in Sources */,
				E8AD380D291A8ADF003DB9BF /* PokemonService.swift in Sources */,
			);
			runOnlyForDeploymentPostprocessing = 0;
		};
/* End PBXSourcesBuildPhase section */

/* Begin XCBuildConfiguration section */
		E8AD37FA291A8831003DB9BF /* Debug */ = {
			isa = XCBuildConfiguration;
			buildSettings = {
				ALWAYS_SEARCH_USER_PATHS = NO;
				CLANG_ANALYZER_NONNULL = YES;
				CLANG_ANALYZER_NUMBER_OBJECT_CONVERSION = YES_AGGRESSIVE;
				CLANG_CXX_LANGUAGE_STANDARD = "gnu++20";
				CLANG_ENABLE_MODULES = YES;
				CLANG_ENABLE_OBJC_ARC = YES;
				CLANG_ENABLE_OBJC_WEAK = YES;
				CLANG_WARN_BLOCK_CAPTURE_AUTORELEASING = YES;
				CLANG_WARN_BOOL_CONVERSION = YES;
				CLANG_WARN_COMMA = YES;
				CLANG_WARN_CONSTANT_CONVERSION = YES;
				CLANG_WARN_DEPRECATED_OBJC_IMPLEMENTATIONS = YES;
				CLANG_WARN_DIRECT_OBJC_ISA_USAGE = YES_ERROR;
				CLANG_WARN_DOCUMENTATION_COMMENTS = YES;
				CLANG_WARN_EMPTY_BODY = YES;
				CLANG_WARN_ENUM_CONVERSION = YES;
				CLANG_WARN_INFINITE_RECURSION = YES;
				CLANG_WARN_INT_CONVERSION = YES;
				CLANG_WARN_NON_LITERAL_NULL_CONVERSION = YES;
				CLANG_WARN_OBJC_IMPLICIT_RETAIN_SELF = YES;
				CLANG_WARN_OBJC_LITERAL_CONVERSION = YES;
				CLANG_WARN_OBJC_ROOT_CLASS = YES_ERROR;
				CLANG_WARN_QUOTED_INCLUDE_IN_FRAMEWORK_HEADER = YES;
				CLANG_WARN_RANGE_LOOP_ANALYSIS = YES;
				CLANG_WARN_STRICT_PROTOTYPES = YES;
				CLANG_WARN_SUSPICIOUS_MOVE = YES;
				CLANG_WARN_UNGUARDED_AVAILABILITY = YES_AGGRESSIVE;
				CLANG_WARN_UNREACHABLE_CODE = YES;
				CLANG_WARN__DUPLICATE_METHOD_MATCH = YES;
				COPY_PHASE_STRIP = NO;
				DEBUG_INFORMATION_FORMAT = dwarf;
				ENABLE_STRICT_OBJC_MSGSEND = YES;
				ENABLE_TESTABILITY = YES;
				GCC_C_LANGUAGE_STANDARD = gnu11;
				GCC_DYNAMIC_NO_PIC = NO;
				GCC_NO_COMMON_BLOCKS = YES;
				GCC_OPTIMIZATION_LEVEL = 0;
				GCC_PREPROCESSOR_DEFINITIONS = (
					"DEBUG=1",
					"$(inherited)",
				);
				GCC_WARN_64_TO_32_BIT_CONVERSION = YES;
				GCC_WARN_ABOUT_RETURN_TYPE = YES_ERROR;
				GCC_WARN_UNDECLARED_SELECTOR = YES;
				GCC_WARN_UNINITIALIZED_AUTOS = YES_AGGRESSIVE;
				GCC_WARN_UNUSED_FUNCTION = YES;
				GCC_WARN_UNUSED_VARIABLE = YES;
				IPHONEOS_DEPLOYMENT_TARGET = 16.1;
				MTL_ENABLE_DEBUG_INFO = INCLUDE_SOURCE;
				MTL_FAST_MATH = YES;
				ONLY_ACTIVE_ARCH = YES;
				SDKROOT = iphoneos;
				SWIFT_ACTIVE_COMPILATION_CONDITIONS = DEBUG;
				SWIFT_OPTIMIZATION_LEVEL = "-Onone";
			};
			name = Debug;
		};
		E8AD37FB291A8831003DB9BF /* Release */ = {
			isa = XCBuildConfiguration;
			buildSettings = {
				ALWAYS_SEARCH_USER_PATHS = NO;
				CLANG_ANALYZER_NONNULL = YES;
				CLANG_ANALYZER_NUMBER_OBJECT_CONVERSION = YES_AGGRESSIVE;
				CLANG_CXX_LANGUAGE_STANDARD = "gnu++20";
				CLANG_ENABLE_MODULES = YES;
				CLANG_ENABLE_OBJC_ARC = YES;
				CLANG_ENABLE_OBJC_WEAK = YES;
				CLANG_WARN_BLOCK_CAPTURE_AUTORELEASING = YES;
				CLANG_WARN_BOOL_CONVERSION = YES;
				CLANG_WARN_COMMA = YES;
				CLANG_WARN_CONSTANT_CONVERSION = YES;
				CLANG_WARN_DEPRECATED_OBJC_IMPLEMENTATIONS = YES;
				CLANG_WARN_DIRECT_OBJC_ISA_USAGE = YES_ERROR;
				CLANG_WARN_DOCUMENTATION_COMMENTS = YES;
				CLANG_WARN_EMPTY_BODY = YES;
				CLANG_WARN_ENUM_CONVERSION = YES;
				CLANG_WARN_INFINITE_RECURSION = YES;
				CLANG_WARN_INT_CONVERSION = YES;
				CLANG_WARN_NON_LITERAL_NULL_CONVERSION = YES;
				CLANG_WARN_OBJC_IMPLICIT_RETAIN_SELF = YES;
				CLANG_WARN_OBJC_LITERAL_CONVERSION = YES;
				CLANG_WARN_OBJC_ROOT_CLASS = YES_ERROR;
				CLANG_WARN_QUOTED_INCLUDE_IN_FRAMEWORK_HEADER = YES;
				CLANG_WARN_RANGE_LOOP_ANALYSIS = YES;
				CLANG_WARN_STRICT_PROTOTYPES = YES;
				CLANG_WARN_SUSPICIOUS_MOVE = YES;
				CLANG_WARN_UNGUARDED_AVAILABILITY = YES_AGGRESSIVE;
				CLANG_WARN_UNREACHABLE_CODE = YES;
				CLANG_WARN__DUPLICATE_METHOD_MATCH = YES;
				COPY_PHASE_STRIP = NO;
				DEBUG_INFORMATION_FORMAT = "dwarf-with-dsym";
				ENABLE_NS_ASSERTIONS = NO;
				ENABLE_STRICT_OBJC_MSGSEND = YES;
				GCC_C_LANGUAGE_STANDARD = gnu11;
				GCC_NO_COMMON_BLOCKS = YES;
				GCC_WARN_64_TO_32_BIT_CONVERSION = YES;
				GCC_WARN_ABOUT_RETURN_TYPE = YES_ERROR;
				GCC_WARN_UNDECLARED_SELECTOR = YES;
				GCC_WARN_UNINITIALIZED_AUTOS = YES_AGGRESSIVE;
				GCC_WARN_UNUSED_FUNCTION = YES;
				GCC_WARN_UNUSED_VARIABLE = YES;
				IPHONEOS_DEPLOYMENT_TARGET = 16.1;
				MTL_ENABLE_DEBUG_INFO = NO;
				MTL_FAST_MATH = YES;
				SDKROOT = iphoneos;
				SWIFT_COMPILATION_MODE = wholemodule;
				SWIFT_OPTIMIZATION_LEVEL = "-O";
				VALIDATE_PRODUCT = YES;
			};
			name = Release;
		};
		E8AD37FD291A8831003DB9BF /* Debug */ = {
			isa = XCBuildConfiguration;
			buildSettings = {
				ASSETCATALOG_COMPILER_APPICON_NAME = AppIcon;
				ASSETCATALOG_COMPILER_GLOBAL_ACCENT_COLOR_NAME = AccentColor;
				CODE_SIGN_STYLE = Automatic;
				CURRENT_PROJECT_VERSION = 1;
				DEVELOPMENT_ASSET_PATHS = "\"pokelist/Preview Content\"";
				ENABLE_PREVIEWS = YES;
				GENERATE_INFOPLIST_FILE = YES;
				INFOPLIST_KEY_UIApplicationSceneManifest_Generation = YES;
				INFOPLIST_KEY_UIApplicationSupportsIndirectInputEvents = YES;
				INFOPLIST_KEY_UILaunchScreen_Generation = YES;
				INFOPLIST_KEY_UISupportedInterfaceOrientations_iPad = "UIInterfaceOrientationPortrait UIInterfaceOrientationPortraitUpsideDown UIInterfaceOrientationLandscapeLeft UIInterfaceOrientationLandscapeRight";
				INFOPLIST_KEY_UISupportedInterfaceOrientations_iPhone = "UIInterfaceOrientationPortrait UIInterfaceOrientationLandscapeLeft UIInterfaceOrientationLandscapeRight";
				LD_RUNPATH_SEARCH_PATHS = (
					"$(inherited)",
					"@executable_path/Frameworks",
				);
				MARKETING_VERSION = 1.0;
				PRODUCT_BUNDLE_IDENTIFIER = rony.pokelist;
				PRODUCT_NAME = "$(TARGET_NAME)";
				SWIFT_EMIT_LOC_STRINGS = YES;
				SWIFT_VERSION = 5.0;
				TARGETED_DEVICE_FAMILY = "1,2";
			};
			name = Debug;
		};
		E8AD37FE291A8831003DB9BF /* Release */ = {
			isa = XCBuildConfiguration;
			buildSettings = {
				ASSETCATALOG_COMPILER_APPICON_NAME = AppIcon;
				ASSETCATALOG_COMPILER_GLOBAL_ACCENT_COLOR_NAME = AccentColor;
				CODE_SIGN_STYLE = Automatic;
				CURRENT_PROJECT_VERSION = 1;
				DEVELOPMENT_ASSET_PATHS = "\"pokelist/Preview Content\"";
				ENABLE_PREVIEWS = YES;
				GENERATE_INFOPLIST_FILE = YES;
				INFOPLIST_KEY_UIApplicationSceneManifest_Generation = YES;
				INFOPLIST_KEY_UIApplicationSupportsIndirectInputEvents = YES;
				INFOPLIST_KEY_UILaunchScreen_Generation = YES;
				INFOPLIST_KEY_UISupportedInterfaceOrientations_iPad = "UIInterfaceOrientationPortrait UIInterfaceOrientationPortraitUpsideDown UIInterfaceOrientationLandscapeLeft UIInterfaceOrientationLandscapeRight";
				INFOPLIST_KEY_UISupportedInterfaceOrientations_iPhone = "UIInterfaceOrientationPortrait UIInterfaceOrientationLandscapeLeft UIInterfaceOrientationLandscapeRight";
				LD_RUNPATH_SEARCH_PATHS = (
					"$(inherited)",
					"@executable_path/Frameworks",
				);
				MARKETING_VERSION = 1.0;
				PRODUCT_BUNDLE_IDENTIFIER = rony.pokelist;
				PRODUCT_NAME = "$(TARGET_NAME)";
				SWIFT_EMIT_LOC_STRINGS = YES;
				SWIFT_VERSION = 5.0;
				TARGETED_DEVICE_FAMILY = "1,2";
			};
			name = Release;
		};
/* End XCBuildConfiguration section */

/* Begin XCConfigurationList section */
		E8AD37E9291A882F003DB9BF /* Build configuration list for PBXProject "pokelist" */ = {
			isa = XCConfigurationList;
			buildConfigurations = (
				E8AD37FA291A8831003DB9BF /* Debug */,
				E8AD37FB291A8831003DB9BF /* Release */,
			);
			defaultConfigurationIsVisible = 0;
			defaultConfigurationName = Release;
		};
		E8AD37FC291A8831003DB9BF /* Build configuration list for PBXNativeTarget "pokelist" */ = {
			isa = XCConfigurationList;
			buildConfigurations = (
				E8AD37FD291A8831003DB9BF /* Debug */,
				E8AD37FE291A8831003DB9BF /* Release */,
			);
			defaultConfigurationIsVisible = 0;
			defaultConfigurationName = Release;
		};
/* End XCConfigurationList section */
	};
	rootObject = E8AD37E6291A882F003DB9BF /* Project object */;
}
